
Microsoft Visual Studio Solution File, Format Version 12.00
Project("{FAE04EC0-301F-11D3-BF4B-00C04F79EFBC}") = "ModPacker", "ModPacker\ModPacker.csproj", "{5C24A912-35AD-4AAB-BC52-F1F7F6009767}"
EndProject
Global
	GlobalSection(SolutionConfigurationPlatforms) = preSolution
		Debug|Any CPU = Debug|Any CPU
		Release|Any CPU = Release|Any CPU
	EndGlobalSection
	GlobalSection(ProjectConfigurationPlatforms) = postSolution
		{5C24A912-35AD-4AAB-BC52-F1F7F6009767}.Debug|Any CPU.ActiveCfg = Debug|Any CPU
		{5C24A912-35AD-4AAB-BC52-F1F7F6009767}.Debug|Any CPU.Build.0 = Debug|Any CPU
		{5C24A912-35AD-4AAB-BC52-F1F7F6009767}.Release|Any CPU.ActiveCfg = Release|Any CPU
		{5C24A912-35AD-4AAB-BC52-F1F7F6009767}.Release|Any CPU.Build.0 = Release|Any CPU
	EndGlobalSection
EndGlobal
